
Microsoft Visual Studio Solution File, Format Version 12.00
# Visual Studio Version 17
VisualStudioVersion = 17.10.34928.147
MinimumVisualStudioVersion = 10.0.40219.1
Project("{9A19103F-16F7-4668-BE54-9A1E7A4F7556}") = "ShoppingCartApplication", "ShoppingCartApplication\ShoppingCartApplication.csproj", "{B4C3D6E0-40F3-43AE-B9F0-4C784223F3C9}"
EndProject
Project("{FAE04EC0-301F-11D3-BF4B-00C04F79EFBC}") = "ShoppingCartTests", "ShoppingCartTests\ShoppingCartTests.csproj", "{0DDFD29F-0D61-40E2-9560-899CFD1443B2}"
EndProject
Global
	GlobalSection(SolutionConfigurationPlatforms) = preSolution
		Debug|Any CPU = Debug|Any CPU
		Release|Any CPU = Release|Any CPU
	EndGlobalSection
	GlobalSection(ProjectConfigurationPlatforms) = postSolution
		{B4C3D6E0-40F3-43AE-B9F0-4C784223F3C9}.Debug|Any CPU.ActiveCfg = Debug|Any CPU
		{B4C3D6E0-40F3-43AE-B9F0-4C784223F3C9}.Debug|Any CPU.Build.0 = Debug|Any CPU
		{B4C3D6E0-40F3-43AE-B9F0-4C784223F3C9}.Release|Any CPU.ActiveCfg = Release|Any CPU
		{B4C3D6E0-40F3-43AE-B9F0-4C784223F3C9}.Release|Any CPU.Build.0 = Release|Any CPU
		{0DDFD29F-0D61-40E2-9560-899CFD1443B2}.Debug|Any CPU.ActiveCfg = Debug|Any CPU
		{0DDFD29F-0D61-40E2-9560-899CFD1443B2}.Debug|Any CPU.Build.0 = Debug|Any CPU
		{0DDFD29F-0D61-40E2-9560-899CFD1443B2}.Release|Any CPU.ActiveCfg = Release|Any CPU
		{0DDFD29F-0D61-40E2-9560-899CFD1443B2}.Release|Any CPU.Build.0 = Release|Any CPU
	EndGlobalSection
	GlobalSection(SolutionProperties) = preSolution
		HideSolutionNode = FALSE
	EndGlobalSection
	GlobalSection(ExtensibilityGlobals) = postSolution
		SolutionGuid = {68CAF909-202E-479F-91D9-B70435C90A77}
	EndGlobalSection
EndGlobal
